<Solution>
  <Folder Name="/Task0/">
    <Project Path="../../../../../source/repos/Tyuiu.GojtievTK.Sprint0/Tyuiu.GojtievTK.Sprint0.Task0.V0/Tyuiu.GojtievTK.Sprint0.Task0.V0.csproj" />
  </Folder>
  <Folder Name="/Task1/">
    <Project Path="../../../../../source/repos/Tyuiu.GojtievTK.Sprint0/Tyuiu.GojtievTK.Sprint0.Task1.V0/Tyuiu.GojtievTK.Sprint0.Task1.V0.csproj" />
  </Folder>
  <Folder Name="/Task2/">
    <Project Path="Tyuiu.GojtievTK.Sprint0.Task2.V0.Lib/Tyuiu.GojtievTK.Sprint0.Task2.V0.Lib.csproj" Id="aded19f8-7ff0-4824-9036-a2f776dfee46" />
    <Project Path="Tyuiu.GojtievTK.Sprint0.Task2.V0.Test/Tyuiu.GojtievTK.Sprint0.Task2.V0.Test.csproj" Id="fe4939c1-ccd9-4ef3-bc20-737bc625886c" />
    <Project Path="Tyuiu.GojtievTK.Sprint0.Task2.V0/Tyuiu.GojtievTK.Sprint0.Task2.V0.csproj" Id="477291cd-0459-47c1-b7dd-d07cbd95e713" />
  </Folder>
  <Folder Name="/Task3/">
    <Project Path="Tyuiu.GojtievTK.Sprint0.Task3.V0.Lib/Tyuiu.GojtievTK.Sprint0.Task3.V0.Lib.csproj" Id="f2f39a14-5ca8-4a2a-b254-294e981a868c" />
    <Project Path="Tyuiu.GojtievTK.Sprint0.Task3.V0.Test/Tyuiu.GojtievTK.Sprint0.Task3.V0.Test.csproj" Id="4e797c17-9177-4896-942f-008eb8265853" />
    <Project Path="Tyuiu.GojtievTK.Sprint0.Task3.V0/Tyuiu.GojtievTK.Sprint0.Task3.V0.csproj" Id="76373eda-f898-468b-9240-17d445a2ceca" />
  </Folder>
  <Folder Name="/Task4/">
    <Project Path="Tyuiu.GojtievTK.Sprint0.Task4.V0.Lib/Tyuiu.GojtievTK.Sprint0.Task4.V0.Lib.csproj" Id="9a8ac051-ee88-421c-b3de-1af857dff501" />
    <Project Path="Tyuiu.GojtievTK.Sprint0.Task4.V0.Test/Tyuiu.GojtievTK.Sprint0.Task4.V0.Test.csproj" Id="112b6f82-ca10-4fed-b1ee-c2af876b4b19" />
    <Project Path="Tyuiu.GojtievTK.Sprint0.Task4.V0/Tyuiu.GojtievTK.Sprint0.Task4.V0.csproj" Id="3ec89a30-0374-44bc-8969-6b131d83e7f1" />
  </Folder>
  <Folder Name="/Task5/">
    <Project Path="Tyuiu.GojtievTK.Sprint0.Task5.V0.Lib/Tyuiu.GojtievTK.Sprint0.Task5.V0.Lib.csproj" Id="4c8fce9b-4fc1-4e09-a500-74762c66164d" />
    <Project Path="Tyuiu.GojtievTK.Sprint0.Task5.V0.Test/Tyuiu.GojtievTK.Sprint0.Task5.V0.Test.csproj" Id="bcd46276-6079-4231-9ed6-6b9ffcae2796" />
    <Project Path="Tyuiu.GojtievTK.Sprint0.Task5.V0/Tyuiu.GojtievTK.Sprint0.Task5.V0.csproj" Id="adb04ebc-6edb-409d-922c-4c65047724f2" />
  </Folder>
  <Folder Name="/Task6/">
    <Project Path="Tyuiu.GojtievTK.Sprint0.Task6.V0.Lib/Tyuiu.GojtievTK.Sprint0.Task6.V0.Lib.csproj" Id="8c4b28ec-710d-461e-80cd-fe390ac85e0e" />
    <Project Path="Tyuiu.GojtievTK.Sprint0.Task6.V0.Task/Tyuiu.GojtievTK.Sprint0.Task6.V0.Task.csproj" Id="b961ec4a-d922-47f1-9aae-20b46f5c22eb" />
    <Project Path="Tyuiu.GojtievTK.Sprint0.Task6.V0/Tyuiu.GojtievTK.Sprint0.Task6.V0.csproj" Id="c3f03fd5-977d-40e4-8343-896bd7e8ff58" />
  </Folder>
</Solution>
